
Microsoft Visual Studio Solution File, Format Version 12.00
# Visual Studio Version 17
VisualStudioVersion = 17.9.34728.123
MinimumVisualStudioVersion = 10.0.40219.1
Project("{FAE04EC0-301F-11D3-BF4B-00C04F79EFBC}") = "BenSelectionExample", "BenSelectionExample.csproj", "{E47C3824-2AF4-4093-BC34-76D7A2DCAE4D}"
EndProject
Global
	GlobalSection(SolutionConfigurationPlatforms) = preSolution
		Debug|Any CPU = Debug|Any CPU
		Release|Any CPU = Release|Any CPU
	EndGlobalSection
	GlobalSection(ProjectConfigurationPlatforms) = postSolution
		{E47C3824-2AF4-4093-BC34-76D7A2DCAE4D}.Debug|Any CPU.ActiveCfg = Debug|Any CPU
		{E47C3824-2AF4-4093-BC34-76D7A2DCAE4D}.Debug|Any CPU.Build.0 = Debug|Any CPU
		{E47C3824-2AF4-4093-BC34-76D7A2DCAE4D}.Release|Any CPU.ActiveCfg = Release|Any CPU
		{E47C3824-2AF4-4093-BC34-76D7A2DCAE4D}.Release|Any CPU.Build.0 = Release|Any CPU
	EndGlobalSection
	GlobalSection(SolutionProperties) = preSolution
		HideSolutionNode = FALSE
	EndGlobalSection
	GlobalSection(ExtensibilityGlobals) = postSolution
		SolutionGuid = {502B63D0-4E3B-4A4F-9604-C47B16A312C6}
	EndGlobalSection
EndGlobal
